
Microsoft Visual Studio Solution File, Format Version 12.00
# Visual Studio Version 17
VisualStudioVersion = 17.11.35208.52
MinimumVisualStudioVersion = 10.0.40219.1
Project("{E24C65DC-7377-472B-9ABA-BC803B73C61A}") = "Precious Masilo", ".", "{2394F46D-6B63-4766-80BD-BEA831DDAD6C}"
	ProjectSection(WebsiteProperties) = preProject
		TargetFrameworkMoniker = ".NETFramework,Version%3Dv4.8"
		Debug.AspNetCompiler.VirtualPath = "/localhost_52675"
		Debug.AspNetCompiler.PhysicalPath = "..\..\..\OneDrive - Botswana Accountancy College\Desktop\Precious Masilo\"
		Debug.AspNetCompiler.TargetPath = "PrecompiledWeb\localhost_52675\"
		Debug.AspNetCompiler.Updateable = "true"
		Debug.AspNetCompiler.ForceOverwrite = "true"
		Debug.AspNetCompiler.FixedNames = "false"
		Debug.AspNetCompiler.Debug = "True"
		Release.AspNetCompiler.VirtualPath = "/localhost_52675"
		Release.AspNetCompiler.PhysicalPath = "..\..\..\OneDrive - Botswana Accountancy College\Desktop\Precious Masilo\"
		Release.AspNetCompiler.TargetPath = "PrecompiledWeb\localhost_52675\"
		Release.AspNetCompiler.Updateable = "true"
		Release.AspNetCompiler.ForceOverwrite = "true"
		Release.AspNetCompiler.FixedNames = "false"
		Release.AspNetCompiler.Debug = "False"
		VWDPort = "52675"
	EndProjectSection
EndProject
Global
	GlobalSection(SolutionConfigurationPlatforms) = preSolution
		Debug|Any CPU = Debug|Any CPU
	EndGlobalSection
	GlobalSection(ProjectConfigurationPlatforms) = postSolution
		{2394F46D-6B63-4766-80BD-BEA831DDAD6C}.Debug|Any CPU.ActiveCfg = Debug|Any CPU
		{2394F46D-6B63-4766-80BD-BEA831DDAD6C}.Debug|Any CPU.Build.0 = Debug|Any CPU
	EndGlobalSection
	GlobalSection(SolutionProperties) = preSolution
		HideSolutionNode = FALSE
	EndGlobalSection
	GlobalSection(ExtensibilityGlobals) = postSolution
		SolutionGuid = {E6ED12B6-2D50-4019-B8E5-2F0B1F2BC4AF}
	EndGlobalSection
EndGlobal
